
Microsoft Visual Studio Solution File, Format Version 12.00
# Visual Studio Version 16
VisualStudioVersion = 16.0.30611.23
MinimumVisualStudioVersion = 10.0.40219.1
Project("{FAE04EC0-301F-11D3-BF4B-00C04F79EFBC}") = "IndividualProject", "IndividualProject\IndividualProject.csproj", "{379BBA3F-03B9-4CFA-AEC9-0DF0325FF041}"
EndProject
Global
	GlobalSection(SolutionConfigurationPlatforms) = preSolution
		Debug|Any CPU = Debug|Any CPU
		Release|Any CPU = Release|Any CPU
	EndGlobalSection
	GlobalSection(ProjectConfigurationPlatforms) = postSolution
		{379BBA3F-03B9-4CFA-AEC9-0DF0325FF041}.Debug|Any CPU.ActiveCfg = Debug|Any CPU
		{379BBA3F-03B9-4CFA-AEC9-0DF0325FF041}.Debug|Any CPU.Build.0 = Debug|Any CPU
		{379BBA3F-03B9-4CFA-AEC9-0DF0325FF041}.Release|Any CPU.ActiveCfg = Release|Any CPU
		{379BBA3F-03B9-4CFA-AEC9-0DF0325FF041}.Release|Any CPU.Build.0 = Release|Any CPU
	EndGlobalSection
	GlobalSection(SolutionProperties) = preSolution
		HideSolutionNode = FALSE
	EndGlobalSection
	GlobalSection(ExtensibilityGlobals) = postSolution
		SolutionGuid = {ADEA07C8-6E95-49E8-A8F9-FCCBE19FC6AB}
	EndGlobalSection
EndGlobal
